
Microsoft Visual Studio Solution File, Format Version 12.00
# Visual Studio Version 17
VisualStudioVersion = 17.5.002.0
MinimumVisualStudioVersion = 10.0.40219.1
Project("{9A19103F-16F7-4668-BE54-9A1E7A4F7556}") = "deneme2.1", "deneme2.1.csproj", "{CA5229B2-605D-4A02-84DD-6F354CCA8C1F}"
EndProject
Global
	GlobalSection(SolutionConfigurationPlatforms) = preSolution
		Debug|Any CPU = Debug|Any CPU
		Release|Any CPU = Release|Any CPU
	EndGlobalSection
	GlobalSection(ProjectConfigurationPlatforms) = postSolution
		{CA5229B2-605D-4A02-84DD-6F354CCA8C1F}.Debug|Any CPU.ActiveCfg = Debug|Any CPU
		{CA5229B2-605D-4A02-84DD-6F354CCA8C1F}.Debug|Any CPU.Build.0 = Debug|Any CPU
		{CA5229B2-605D-4A02-84DD-6F354CCA8C1F}.Release|Any CPU.ActiveCfg = Release|Any CPU
		{CA5229B2-605D-4A02-84DD-6F354CCA8C1F}.Release|Any CPU.Build.0 = Release|Any CPU
	EndGlobalSection
	GlobalSection(SolutionProperties) = preSolution
		HideSolutionNode = FALSE
	EndGlobalSection
	GlobalSection(ExtensibilityGlobals) = postSolution
		SolutionGuid = {BFE25D63-2C50-4BBB-AC0D-7C82675FC063}
	EndGlobalSection
EndGlobal
